{
  "name": "Church-Build",
  "version": "1.0.0",
  "dependencies": {
    "gulp-tslint": {
      "version": "1.3.1",
      "from": "gulp-tslint@*",
      "resolved": "https://registry.npmjs.org/gulp-tslint/-/gulp-tslint-1.3.1.tgz",
      "dependencies": {
        "map-stream": {
          "version": "0.1.0",
          "from": "map-stream@~0.1.0",
          "resolved": "https://registry.npmjs.org/map-stream/-/map-stream-0.1.0.tgz"
        },
        "through": {
          "version": "2.3.6",
          "from": "through@~2.3.6",
          "resolved": "https://registry.npmjs.org/through/-/through-2.3.6.tgz"
        },
        "gulp-util": {
          "version": "3.0.1",
          "from": "gulp-util@~3.0.1",
          "resolved": "https://registry.npmjs.org/gulp-util/-/gulp-util-3.0.1.tgz",
          "dependencies": {
            "chalk": {
              "version": "0.5.1",
              "from": "chalk@^0.5.0",
              "resolved": "https://registry.npmjs.org/chalk/-/chalk-0.5.1.tgz",
              "dependencies": {
                "ansi-styles": {
                  "version": "1.1.0",
                  "from": "ansi-styles@^1.1.0",
                  "resolved": "https://registry.npmjs.org/ansi-styles/-/ansi-styles-1.1.0.tgz"
                },
                "escape-string-regexp": {
                  "version": "1.0.2",
                  "from": "escape-string-regexp@^1.0.0",
                  "resolved": "https://registry.npmjs.org/escape-string-regexp/-/escape-string-regexp-1.0.2.tgz"
                },
                "has-ansi": {
                  "version": "0.1.0",
                  "from": "has-ansi@0.1.0",
                  "resolved": "https://registry.npmjs.org/has-ansi/-/has-ansi-0.1.0.tgz"
                },
                "strip-ansi": {
                  "version": "0.3.0",
                  "from": "strip-ansi@0.3.0",
                  "resolved": "https://registry.npmjs.org/strip-ansi/-/strip-ansi-0.3.0.tgz"
                },
                "supports-color": {
                  "version": "0.2.0",
                  "from": "supports-color@0.2.0",
                  "resolved": "https://registry.npmjs.org/supports-color/-/supports-color-0.2.0.tgz"
                },
                "ansi-regex": {
                  "version": "0.2.1",
                  "from": "ansi-regex@0.2.1",
                  "resolved": "https://registry.npmjs.org/ansi-regex/-/ansi-regex-0.2.1.tgz"
                }
              }
            },
            "dateformat": {
              "version": "1.0.8",
              "from": "dateformat@^1.0.7-1.2.3",
              "resolved": "https://registry.npmjs.org/dateformat/-/dateformat-1.0.8.tgz"
            },
            "lodash._reinterpolate": {
              "version": "2.4.1",
              "from": "lodash._reinterpolate@^2.4.1",
              "resolved": "https://registry.npmjs.org/lodash._reinterpolate/-/lodash._reinterpolate-2.4.1.tgz"
            },
            "lodash.template": {
              "version": "2.4.1",
              "from": "lodash.template@^2.4.1",
              "resolved": "https://registry.npmjs.org/lodash.template/-/lodash.template-2.4.1.tgz",
              "dependencies": {
                "lodash.defaults": {
                  "version": "2.4.1",
                  "from": "lodash.defaults@~2.4.1",
                  "resolved": "https://registry.npmjs.org/lodash.defaults/-/lodash.defaults-2.4.1.tgz"
                },
                "lodash.escape": {
                  "version": "2.4.1",
                  "from": "lodash.escape@~2.4.1",
                  "resolved": "https://registry.npmjs.org/lodash.escape/-/lodash.escape-2.4.1.tgz",
                  "dependencies": {
                    "lodash._escapehtmlchar": {
                      "version": "2.4.1",
                      "from": "lodash._escapehtmlchar@~2.4.1",
                      "resolved": "https://registry.npmjs.org/lodash._escapehtmlchar/-/lodash._escapehtmlchar-2.4.1.tgz"
                    },
                    "lodash._reunescapedhtml": {
                      "version": "2.4.1",
                      "from": "lodash._reunescapedhtml@~2.4.1",
                      "resolved": "https://registry.npmjs.org/lodash._reunescapedhtml/-/lodash._reunescapedhtml-2.4.1.tgz"
                    },
                    "lodash._htmlescapes": {
                      "version": "2.4.1",
                      "from": "lodash._htmlescapes@2.4.1",
                      "resolved": "https://registry.npmjs.org/lodash._htmlescapes/-/lodash._htmlescapes-2.4.1.tgz"
                    }
                  }
                },
                "lodash._escapestringchar": {
                  "version": "2.4.1",
                  "from": "lodash._escapestringchar@~2.4.1",
                  "resolved": "https://registry.npmjs.org/lodash._escapestringchar/-/lodash._escapestringchar-2.4.1.tgz"
                },
                "lodash.keys": {
                  "version": "2.4.1",
                  "from": "lodash.keys@~2.4.1",
                  "resolved": "https://registry.npmjs.org/lodash.keys/-/lodash.keys-2.4.1.tgz",
                  "dependencies": {
                    "lodash._isnative": {
                      "version": "2.4.1",
                      "from": "lodash._isnative@~2.4.1",
                      "resolved": "https://registry.npmjs.org/lodash._isnative/-/lodash._isnative-2.4.1.tgz"
                    },
                    "lodash.isobject": {
                      "version": "2.4.1",
                      "from": "lodash.isobject@~2.4.1",
                      "resolved": "https://registry.npmjs.org/lodash.isobject/-/lodash.isobject-2.4.1.tgz"
                    },
                    "lodash._shimkeys": {
                      "version": "2.4.1",
                      "from": "lodash._shimkeys@~2.4.1",
                      "resolved": "https://registry.npmjs.org/lodash._shimkeys/-/lodash._shimkeys-2.4.1.tgz"
                    }
                  }
                },
                "lodash.templatesettings": {
                  "version": "2.4.1",
                  "from": "lodash.templatesettings@~2.4.1",
                  "resolved": "https://registry.npmjs.org/lodash.templatesettings/-/lodash.templatesettings-2.4.1.tgz"
                },
                "lodash.values": {
                  "version": "2.4.1",
                  "from": "lodash.values@~2.4.1",
                  "resolved": "https://registry.npmjs.org/lodash.values/-/lodash.values-2.4.1.tgz"
                },
                "lodash._objecttypes": {
                  "version": "2.4.1",
                  "from": "lodash._objecttypes@2.4.1",
                  "resolved": "https://registry.npmjs.org/lodash._objecttypes/-/lodash._objecttypes-2.4.1.tgz"
                }
              }
            },
            "minimist": {
              "version": "1.1.0",
              "from": "minimist@^1.1.0",
              "resolved": "https://registry.npmjs.org/minimist/-/minimist-1.1.0.tgz"
            },
            "multipipe": {
              "version": "0.1.1",
              "from": "multipipe@^0.1.0",
              "resolved": "https://registry.npmjs.org/multipipe/-/multipipe-0.1.1.tgz",
              "dependencies": {
                "duplexer2": {
                  "version": "0.0.2",
                  "from": "duplexer2@0.0.2",
                  "resolved": "https://registry.npmjs.org/duplexer2/-/duplexer2-0.0.2.tgz",
                  "dependencies": {
                    "readable-stream": {
                      "version": "1.1.13",
                      "from": "readable-stream@1.1.13",
                      "resolved": "https://registry.npmjs.org/readable-stream/-/readable-stream-1.1.13.tgz"
                    }
                  }
                }
              }
            },
            "through2": {
              "version": "0.6.3",
              "from": "through2@^0.6.1",
              "resolved": "https://registry.npmjs.org/through2/-/through2-0.6.3.tgz",
              "dependencies": {
                "readable-stream": {
                  "version": "1.0.33",
                  "from": "readable-stream@>=1.0.33-1 <1.1.0-0",
                  "resolved": "https://registry.npmjs.org/readable-stream/-/readable-stream-1.0.33.tgz"
                },
                "xtend": {
                  "version": "4.0.0",
                  "from": "xtend@>=4.0.0 <4.1.0-0",
                  "resolved": "https://registry.npmjs.org/xtend/-/xtend-4.0.0.tgz"
                }
              }
            },
            "vinyl": {
              "version": "0.4.3",
              "from": "vinyl@^0.4.0",
              "resolved": "https://registry.npmjs.org/vinyl/-/vinyl-0.4.3.tgz",
              "dependencies": {
                "clone-stats": {
                  "version": "0.0.1",
                  "from": "clone-stats@^0.0.1",
                  "resolved": "https://registry.npmjs.org/clone-stats/-/clone-stats-0.0.1.tgz"
                }
              }
            },
            "core-util-is": {
              "version": "1.0.1",
              "from": "core-util-is@1.0.1",
              "resolved": "https://registry.npmjs.org/core-util-is/-/core-util-is-1.0.1.tgz"
            },
            "isarray": {
              "version": "0.0.1",
              "from": "isarray@0.0.1",
              "resolved": "https://registry.npmjs.org/isarray/-/isarray-0.0.1.tgz"
            },
            "string_decoder": {
              "version": "0.10.31",
              "from": "string_decoder@0.10.31",
              "resolved": "https://registry.npmjs.org/string_decoder/-/string_decoder-0.10.31.tgz"
            }
          }
        },
        "rcloader": {
          "version": "0.1.2",
          "from": "rcloader@~0.1.2",
          "resolved": "https://registry.npmjs.org/rcloader/-/rcloader-0.1.2.tgz",
          "dependencies": {
            "rcfinder": {
              "version": "0.1.8",
              "from": "rcfinder@~0.1.6",
              "resolved": "https://registry.npmjs.org/rcfinder/-/rcfinder-0.1.8.tgz"
            }
          }
        }
      }
    },
    "inherits": {
      "version": "2.0.1",
      "from": "inherits@2.0.1",
      "resolved": "https://registry.npmjs.org/inherits/-/inherits-2.0.1.tgz"
    },
    "lodash": {
      "version": "2.4.1",
      "from": "lodash@2.4.1",
      "resolved": "https://registry.npmjs.org/lodash/-/lodash-2.4.1.tgz"
    },
    "tslint": {
      "version": "0.4.14",
      "from": "tslint@*",
      "resolved": "https://registry.npmjs.org/tslint/-/tslint-0.4.14.tgz",
      "dependencies": {
        "optimist": {
          "version": "0.6.1",
          "from": "optimist@~0.6.0",
          "resolved": "https://registry.npmjs.org/optimist/-/optimist-0.6.1.tgz",
          "dependencies": {
            "wordwrap": {
              "version": "0.0.2",
              "from": "wordwrap@~0.0.2",
              "resolved": "https://registry.npmjs.org/wordwrap/-/wordwrap-0.0.2.tgz"
            },
            "minimist": {
              "version": "0.0.10",
              "from": "minimist@0.0.10",
              "resolved": "https://registry.npmjs.org/minimist/-/minimist-0.0.10.tgz"
            }
          }
        },
        "underscore.string": {
          "version": "2.3.3",
          "from": "underscore.string@~2.3.3",
          "resolved": "https://registry.npmjs.org/underscore.string/-/underscore.string-2.3.3.tgz"
        },
        "findup-sync": {
          "version": "0.1.3",
          "from": "findup-sync@~0.1.2",
          "resolved": "https://registry.npmjs.org/findup-sync/-/findup-sync-0.1.3.tgz",
          "dependencies": {
            "glob": {
              "version": "3.2.11",
              "from": "glob@3.2.11",
              "resolved": "https://registry.npmjs.org/glob/-/glob-3.2.11.tgz",
              "dependencies": {
                "minimatch": {
                  "version": "0.3.0",
                  "from": "minimatch@0.3",
                  "resolved": "https://registry.npmjs.org/minimatch/-/minimatch-0.3.0.tgz",
                  "dependencies": {
                    "lru-cache": {
                      "version": "2.5.0",
                      "from": "lru-cache@2",
                      "resolved": "https://registry.npmjs.org/lru-cache/-/lru-cache-2.5.0.tgz"
                    },
                    "sigmund": {
                      "version": "1.0.0",
                      "from": "sigmund@~1.0.0",
                      "resolved": "https://registry.npmjs.org/sigmund/-/sigmund-1.0.0.tgz"
                    }
                  }
                }
              }
            }
          }
        }
      }
    }
  }
}
